
Microsoft Visual Studio Solution File, Format Version 12.00
# Visual Studio Version 16
VisualStudioVersion = 16.0.31205.134
MinimumVisualStudioVersion = 10.0.40219.1
Project("{FAE04EC0-301F-11D3-BF4B-00C04F79EFBC}") = "Orenda-Books", "Orenda-Books\Orenda-Books.csproj", "{47675B46-C9C8-45E0-82F1-0A4448543EFE}"
EndProject
Global
	GlobalSection(SolutionConfigurationPlatforms) = preSolution
		Debug|Any CPU = Debug|Any CPU
		Release|Any CPU = Release|Any CPU
	EndGlobalSection
	GlobalSection(ProjectConfigurationPlatforms) = postSolution
		{47675B46-C9C8-45E0-82F1-0A4448543EFE}.Debug|Any CPU.ActiveCfg = Debug|Any CPU
		{47675B46-C9C8-45E0-82F1-0A4448543EFE}.Debug|Any CPU.Build.0 = Debug|Any CPU
		{47675B46-C9C8-45E0-82F1-0A4448543EFE}.Release|Any CPU.ActiveCfg = Release|Any CPU
		{47675B46-C9C8-45E0-82F1-0A4448543EFE}.Release|Any CPU.Build.0 = Release|Any CPU
	EndGlobalSection
	GlobalSection(SolutionProperties) = preSolution
		HideSolutionNode = FALSE
	EndGlobalSection
	GlobalSection(ExtensibilityGlobals) = postSolution
		SolutionGuid = {5D52EAEE-8783-42A6-A90E-719437DF6097}
	EndGlobalSection
EndGlobal
